
Microsoft Visual Studio Solution File, Format Version 12.00
# Visual Studio Version 17
VisualStudioVersion = 17.12.35707.178 d17.12
MinimumVisualStudioVersion = 10.0.40219.1
Project("{FAE04EC0-301F-11D3-BF4B-00C04F79EFBC}") = "accessModifiersAssembly1", "accessModifiersAssembly1.csproj", "{48C1E249-B8EA-4558-8C74-79D9775F4CD7}"
EndProject
Project("{FAE04EC0-301F-11D3-BF4B-00C04F79EFBC}") = "accessModifiersAssembly2", "..\accessModifiersAssembly2\accessModifiersAssembly2.csproj", "{961CFBFF-7A9A-488C-B489-AC275E7B9DF4}"
EndProject
Global
	GlobalSection(SolutionConfigurationPlatforms) = preSolution
		Debug|Any CPU = Debug|Any CPU
		Release|Any CPU = Release|Any CPU
	EndGlobalSection
	GlobalSection(ProjectConfigurationPlatforms) = postSolution
		{48C1E249-B8EA-4558-8C74-79D9775F4CD7}.Debug|Any CPU.ActiveCfg = Debug|Any CPU
		{48C1E249-B8EA-4558-8C74-79D9775F4CD7}.Debug|Any CPU.Build.0 = Debug|Any CPU
		{48C1E249-B8EA-4558-8C74-79D9775F4CD7}.Release|Any CPU.ActiveCfg = Release|Any CPU
		{48C1E249-B8EA-4558-8C74-79D9775F4CD7}.Release|Any CPU.Build.0 = Release|Any CPU
		{961CFBFF-7A9A-488C-B489-AC275E7B9DF4}.Debug|Any CPU.ActiveCfg = Debug|Any CPU
		{961CFBFF-7A9A-488C-B489-AC275E7B9DF4}.Debug|Any CPU.Build.0 = Debug|Any CPU
		{961CFBFF-7A9A-488C-B489-AC275E7B9DF4}.Release|Any CPU.ActiveCfg = Release|Any CPU
		{961CFBFF-7A9A-488C-B489-AC275E7B9DF4}.Release|Any CPU.Build.0 = Release|Any CPU
	EndGlobalSection
	GlobalSection(SolutionProperties) = preSolution
		HideSolutionNode = FALSE
	EndGlobalSection
EndGlobal
