
Microsoft Visual Studio Solution File, Format Version 12.00
# Visual Studio Version 17
VisualStudioVersion = 17.13.35931.197 d17.13
MinimumVisualStudioVersion = 10.0.40219.1
Project("{FAE04EC0-301F-11D3-BF4B-00C04F79EFBC}") = "QuestionTwentyFiveMethodOverloadingTypeBased", "QuestionTwentyFiveMethodOverloadingTypeBased.csproj", "{DA3875FB-8E1B-4788-8D1E-E81C239BDC55}"
EndProject
Global
	GlobalSection(SolutionConfigurationPlatforms) = preSolution
		Debug|Any CPU = Debug|Any CPU
		Release|Any CPU = Release|Any CPU
	EndGlobalSection
	GlobalSection(ProjectConfigurationPlatforms) = postSolution
		{DA3875FB-8E1B-4788-8D1E-E81C239BDC55}.Debug|Any CPU.ActiveCfg = Debug|Any CPU
		{DA3875FB-8E1B-4788-8D1E-E81C239BDC55}.Debug|Any CPU.Build.0 = Debug|Any CPU
		{DA3875FB-8E1B-4788-8D1E-E81C239BDC55}.Release|Any CPU.ActiveCfg = Release|Any CPU
		{DA3875FB-8E1B-4788-8D1E-E81C239BDC55}.Release|Any CPU.Build.0 = Release|Any CPU
	EndGlobalSection
	GlobalSection(SolutionProperties) = preSolution
		HideSolutionNode = FALSE
	EndGlobalSection
	GlobalSection(ExtensibilityGlobals) = postSolution
		SolutionGuid = {7226D6A0-F655-48B6-9242-3FA23C61BF7D}
	EndGlobalSection
EndGlobal
