
Microsoft Visual Studio Solution File, Format Version 12.00
# Visual Studio Version 17
VisualStudioVersion = 17.13.35931.197 d17.13
MinimumVisualStudioVersion = 10.0.40219.1
Project("{FAE04EC0-301F-11D3-BF4B-00C04F79EFBC}") = "QuestionTwentyHeirarchical", "QuestionTwentyHeirarchical.csproj", "{55566D1E-BFC2-4FB1-A7AD-0B30A0207D1D}"
EndProject
Global
	GlobalSection(SolutionConfigurationPlatforms) = preSolution
		Debug|Any CPU = Debug|Any CPU
		Release|Any CPU = Release|Any CPU
	EndGlobalSection
	GlobalSection(ProjectConfigurationPlatforms) = postSolution
		{55566D1E-BFC2-4FB1-A7AD-0B30A0207D1D}.Debug|Any CPU.ActiveCfg = Debug|Any CPU
		{55566D1E-BFC2-4FB1-A7AD-0B30A0207D1D}.Debug|Any CPU.Build.0 = Debug|Any CPU
		{55566D1E-BFC2-4FB1-A7AD-0B30A0207D1D}.Release|Any CPU.ActiveCfg = Release|Any CPU
		{55566D1E-BFC2-4FB1-A7AD-0B30A0207D1D}.Release|Any CPU.Build.0 = Release|Any CPU
	EndGlobalSection
	GlobalSection(SolutionProperties) = preSolution
		HideSolutionNode = FALSE
	EndGlobalSection
	GlobalSection(ExtensibilityGlobals) = postSolution
		SolutionGuid = {BB6C328E-8BEC-4A3D-86F6-6ED2C4C1E580}
	EndGlobalSection
EndGlobal
