
Microsoft Visual Studio Solution File, Format Version 12.00
# Visual Studio Version 17
VisualStudioVersion = 17.13.35931.197 d17.13
MinimumVisualStudioVersion = 10.0.40219.1
Project("{FAE04EC0-301F-11D3-BF4B-00C04F79EFBC}") = "QuestionThirteenNonTrailingArguments", "QuestionThirteenNonTrailingArguments.csproj", "{9DFF1B64-DF32-4AB3-98DC-5D7826FBF163}"
EndProject
Global
	GlobalSection(SolutionConfigurationPlatforms) = preSolution
		Debug|Any CPU = Debug|Any CPU
		Release|Any CPU = Release|Any CPU
	EndGlobalSection
	GlobalSection(ProjectConfigurationPlatforms) = postSolution
		{9DFF1B64-DF32-4AB3-98DC-5D7826FBF163}.Debug|Any CPU.ActiveCfg = Debug|Any CPU
		{9DFF1B64-DF32-4AB3-98DC-5D7826FBF163}.Debug|Any CPU.Build.0 = Debug|Any CPU
		{9DFF1B64-DF32-4AB3-98DC-5D7826FBF163}.Release|Any CPU.ActiveCfg = Release|Any CPU
		{9DFF1B64-DF32-4AB3-98DC-5D7826FBF163}.Release|Any CPU.Build.0 = Release|Any CPU
	EndGlobalSection
	GlobalSection(SolutionProperties) = preSolution
		HideSolutionNode = FALSE
	EndGlobalSection
	GlobalSection(ExtensibilityGlobals) = postSolution
		SolutionGuid = {1A3BEFCA-5872-4CF6-9C2A-BDFC7FEEB580}
	EndGlobalSection
EndGlobal
