
Microsoft Visual Studio Solution File, Format Version 12.00
# Visual Studio Version 17
VisualStudioVersion = 17.13.35931.197 d17.13
MinimumVisualStudioVersion = 10.0.40219.1
Project("{FAE04EC0-301F-11D3-BF4B-00C04F79EFBC}") = "QuestionTwentyTwoInterface", "QuestionTwentyTwoInterface.csproj", "{5BA487BF-9D25-42CB-A800-DD3A3F8B7407}"
EndProject
Global
	GlobalSection(SolutionConfigurationPlatforms) = preSolution
		Debug|Any CPU = Debug|Any CPU
		Release|Any CPU = Release|Any CPU
	EndGlobalSection
	GlobalSection(ProjectConfigurationPlatforms) = postSolution
		{5BA487BF-9D25-42CB-A800-DD3A3F8B7407}.Debug|Any CPU.ActiveCfg = Debug|Any CPU
		{5BA487BF-9D25-42CB-A800-DD3A3F8B7407}.Debug|Any CPU.Build.0 = Debug|Any CPU
		{5BA487BF-9D25-42CB-A800-DD3A3F8B7407}.Release|Any CPU.ActiveCfg = Release|Any CPU
		{5BA487BF-9D25-42CB-A800-DD3A3F8B7407}.Release|Any CPU.Build.0 = Release|Any CPU
	EndGlobalSection
	GlobalSection(SolutionProperties) = preSolution
		HideSolutionNode = FALSE
	EndGlobalSection
	GlobalSection(ExtensibilityGlobals) = postSolution
		SolutionGuid = {EA3BD494-3DDF-4407-AB74-0BD65F9959E1}
	EndGlobalSection
EndGlobal
