
Microsoft Visual Studio Solution File, Format Version 12.00
# Visual Studio Version 17
VisualStudioVersion = 17.13.35931.197 d17.13
MinimumVisualStudioVersion = 10.0.40219.1
Project("{FAE04EC0-301F-11D3-BF4B-00C04F79EFBC}") = "QuestionTwoPrimeNumber", "QuestionTwoPrimeNumber.csproj", "{A033CC02-9C1F-4304-B6FF-8096B8D51B97}"
EndProject
Global
	GlobalSection(SolutionConfigurationPlatforms) = preSolution
		Debug|Any CPU = Debug|Any CPU
		Release|Any CPU = Release|Any CPU
	EndGlobalSection
	GlobalSection(ProjectConfigurationPlatforms) = postSolution
		{A033CC02-9C1F-4304-B6FF-8096B8D51B97}.Debug|Any CPU.ActiveCfg = Debug|Any CPU
		{A033CC02-9C1F-4304-B6FF-8096B8D51B97}.Debug|Any CPU.Build.0 = Debug|Any CPU
		{A033CC02-9C1F-4304-B6FF-8096B8D51B97}.Release|Any CPU.ActiveCfg = Release|Any CPU
		{A033CC02-9C1F-4304-B6FF-8096B8D51B97}.Release|Any CPU.Build.0 = Release|Any CPU
	EndGlobalSection
	GlobalSection(SolutionProperties) = preSolution
		HideSolutionNode = FALSE
	EndGlobalSection
	GlobalSection(ExtensibilityGlobals) = postSolution
		SolutionGuid = {E0550113-2942-454B-89ED-928BBF55012A}
	EndGlobalSection
EndGlobal
