
Microsoft Visual Studio Solution File, Format Version 12.00
# Visual Studio Version 17
VisualStudioVersion = 17.13.35931.197 d17.13
MinimumVisualStudioVersion = 10.0.40219.1
Project("{FAE04EC0-301F-11D3-BF4B-00C04F79EFBC}") = "fileHandlingUsingFileInfo", "fileHandlingUsingFileInfo.csproj", "{542AE423-3BE2-4886-97DE-E0D8B4CAAACB}"
EndProject
Global
	GlobalSection(SolutionConfigurationPlatforms) = preSolution
		Debug|Any CPU = Debug|Any CPU
		Release|Any CPU = Release|Any CPU
	EndGlobalSection
	GlobalSection(ProjectConfigurationPlatforms) = postSolution
		{542AE423-3BE2-4886-97DE-E0D8B4CAAACB}.Debug|Any CPU.ActiveCfg = Debug|Any CPU
		{542AE423-3BE2-4886-97DE-E0D8B4CAAACB}.Debug|Any CPU.Build.0 = Debug|Any CPU
		{542AE423-3BE2-4886-97DE-E0D8B4CAAACB}.Release|Any CPU.ActiveCfg = Release|Any CPU
		{542AE423-3BE2-4886-97DE-E0D8B4CAAACB}.Release|Any CPU.Build.0 = Release|Any CPU
	EndGlobalSection
	GlobalSection(SolutionProperties) = preSolution
		HideSolutionNode = FALSE
	EndGlobalSection
	GlobalSection(ExtensibilityGlobals) = postSolution
		SolutionGuid = {E86ECF24-D3C7-49AD-8A85-F8B2C8AB2800}
	EndGlobalSection
EndGlobal
