
Microsoft Visual Studio Solution File, Format Version 12.00
# Visual Studio Version 17
VisualStudioVersion = 17.13.35931.197 d17.13
MinimumVisualStudioVersion = 10.0.40219.1
Project("{FAE04EC0-301F-11D3-BF4B-00C04F79EFBC}") = "QuestionTwentyOnemultilevelHeirarchical", "QuestionTwentyOnemultilevelHeirarchical.csproj", "{B5AB2C6E-FB1A-4983-83EF-A7D97809D18B}"
EndProject
Global
	GlobalSection(SolutionConfigurationPlatforms) = preSolution
		Debug|Any CPU = Debug|Any CPU
		Release|Any CPU = Release|Any CPU
	EndGlobalSection
	GlobalSection(ProjectConfigurationPlatforms) = postSolution
		{B5AB2C6E-FB1A-4983-83EF-A7D97809D18B}.Debug|Any CPU.ActiveCfg = Debug|Any CPU
		{B5AB2C6E-FB1A-4983-83EF-A7D97809D18B}.Debug|Any CPU.Build.0 = Debug|Any CPU
		{B5AB2C6E-FB1A-4983-83EF-A7D97809D18B}.Release|Any CPU.ActiveCfg = Release|Any CPU
		{B5AB2C6E-FB1A-4983-83EF-A7D97809D18B}.Release|Any CPU.Build.0 = Release|Any CPU
	EndGlobalSection
	GlobalSection(SolutionProperties) = preSolution
		HideSolutionNode = FALSE
	EndGlobalSection
	GlobalSection(ExtensibilityGlobals) = postSolution
		SolutionGuid = {2E915C7C-4D4B-4D6F-953E-E133EA21F52B}
	EndGlobalSection
EndGlobal
