
Microsoft Visual Studio Solution File, Format Version 12.00
# Visual Studio Version 17
VisualStudioVersion = 17.13.35931.197 d17.13
MinimumVisualStudioVersion = 10.0.40219.1
Project("{FAE04EC0-301F-11D3-BF4B-00C04F79EFBC}") = "QuestionNineClassAndObject", "QuestionNineClassAndObject.csproj", "{9EA37E4B-6B2C-4CEE-A600-C65866A9B15E}"
EndProject
Global
	GlobalSection(SolutionConfigurationPlatforms) = preSolution
		Debug|Any CPU = Debug|Any CPU
		Release|Any CPU = Release|Any CPU
	EndGlobalSection
	GlobalSection(ProjectConfigurationPlatforms) = postSolution
		{9EA37E4B-6B2C-4CEE-A600-C65866A9B15E}.Debug|Any CPU.ActiveCfg = Debug|Any CPU
		{9EA37E4B-6B2C-4CEE-A600-C65866A9B15E}.Debug|Any CPU.Build.0 = Debug|Any CPU
		{9EA37E4B-6B2C-4CEE-A600-C65866A9B15E}.Release|Any CPU.ActiveCfg = Release|Any CPU
		{9EA37E4B-6B2C-4CEE-A600-C65866A9B15E}.Release|Any CPU.Build.0 = Release|Any CPU
	EndGlobalSection
	GlobalSection(SolutionProperties) = preSolution
		HideSolutionNode = FALSE
	EndGlobalSection
	GlobalSection(ExtensibilityGlobals) = postSolution
		SolutionGuid = {158ED151-28D5-4F8F-AA11-144EEC2A96CD}
	EndGlobalSection
EndGlobal
