
Microsoft Visual Studio Solution File, Format Version 12.00
# Visual Studio Version 17
VisualStudioVersion = 17.13.35931.197 d17.13
MinimumVisualStudioVersion = 10.0.40219.1
Project("{FAE04EC0-301F-11D3-BF4B-00C04F79EFBC}") = "QuestionFiveSwapNumbers", "QuestionFiveSwapNumbers.csproj", "{068778F9-B760-478F-9068-7E3E4ACB9083}"
EndProject
Global
	GlobalSection(SolutionConfigurationPlatforms) = preSolution
		Debug|Any CPU = Debug|Any CPU
		Release|Any CPU = Release|Any CPU
	EndGlobalSection
	GlobalSection(ProjectConfigurationPlatforms) = postSolution
		{068778F9-B760-478F-9068-7E3E4ACB9083}.Debug|Any CPU.ActiveCfg = Debug|Any CPU
		{068778F9-B760-478F-9068-7E3E4ACB9083}.Debug|Any CPU.Build.0 = Debug|Any CPU
		{068778F9-B760-478F-9068-7E3E4ACB9083}.Release|Any CPU.ActiveCfg = Release|Any CPU
		{068778F9-B760-478F-9068-7E3E4ACB9083}.Release|Any CPU.Build.0 = Release|Any CPU
	EndGlobalSection
	GlobalSection(SolutionProperties) = preSolution
		HideSolutionNode = FALSE
	EndGlobalSection
	GlobalSection(ExtensibilityGlobals) = postSolution
		SolutionGuid = {5BA8669B-9A66-4A49-B28A-C770D8C41A17}
	EndGlobalSection
EndGlobal
